<?xml version="1.0" encoding="utf-8"?>
<Project ToolsVersion="4.0" xmlns="http://schemas.microsoft.com/developer/msbuild/2003">
  <ItemGroup>
    <Filter Include="리소스 파일">
      <UniqueIdentifier>{67DA6AB6-F800-4c08-8B7A-83BB121AAD01}</UniqueIdentifier>
      <Extensions>rc;ico;cur;bmp;dlg;rc2;rct;bin;rgs;gif;jpg;jpeg;jpe;resx;tiff;tif;png;wav;mfcribbon-ms</Extensions>
    </Filter>
    <Filter Include="Default">
      <UniqueIdentifier>{93995380-89BD-4b04-88EB-625FBE52EBFB}</UniqueIdentifier>
      <Extensions>
      </Extensions>
    </Filter>
    <Filter Include="Engine">
      <UniqueIdentifier>{4FC737F1-C7A5-4376-A066-2A32D752A2FF}</UniqueIdentifier>
      <Extensions>cpp;c;cc;cxx;c++;cppm;ixx;def;odl;idl;hpj;bat;asm;asmx;h;</Extensions>
    </Filter>
    <Filter Include="Engine\Core">
      <UniqueIdentifier>{19a77c5e-0f90-4c55-b419-356937369934}</UniqueIdentifier>
    </Filter>
    <Filter Include="Engine\Header">
      <UniqueIdentifier>{83db717c-b219-416f-b75a-e48acacce26a}</UniqueIdentifier>
    </Filter>
    <Filter Include="Engine\Manager">
      <UniqueIdentifier>{eac9f40c-f2a1-4835-a032-f240461e2c2e}</UniqueIdentifier>
    </Filter>
    <Filter Include="Engine\Manager\KeyManager">
      <UniqueIdentifier>{5e6186b2-3d80-425d-b1ea-965ec2c5df40}</UniqueIdentifier>
      <Extensions>Key;key;</Extensions>
    </Filter>
    <Filter Include="Engine\Object">
      <UniqueIdentifier>{03386411-7cb1-41a5-aa98-4f517f22cb91}</UniqueIdentifier>
    </Filter>
    <Filter Include="Engine\Manager\TimeManager">
      <UniqueIdentifier>{b7fcd0d1-6a06-4342-be1b-acf46b6b2f05}</UniqueIdentifier>
    </Filter>
    <Filter Include="Engine\Scene">
      <UniqueIdentifier>{c8deaff5-2e5c-4c29-a539-0baac3f23009}</UniqueIdentifier>
    </Filter>
    <Filter Include="Engine\Manager\SceneManager">
      <UniqueIdentifier>{db0520fd-8b9d-43c4-bf8d-0f9993fe826e}</UniqueIdentifier>
    </Filter>
    <Filter Include="Engine\Resource">
      <UniqueIdentifier>{1ff160af-23d8-437a-b123-3763611c66ba}</UniqueIdentifier>
    </Filter>
    <Filter Include="Engine\Manager\PathManager">
      <UniqueIdentifier>{5e690441-2895-4bcd-a721-f16fcbcec838}</UniqueIdentifier>
    </Filter>
    <Filter Include="Engine\Manager\ResourceManager">
      <UniqueIdentifier>{51a2fdb4-4e47-48cf-9b8c-1a64656e80ea}</UniqueIdentifier>
    </Filter>
    <Filter Include="Engine\Resource\Texture">
      <UniqueIdentifier>{cb7a8d07-df3d-424e-84e2-6cc0c0306005}</UniqueIdentifier>
    </Filter>
    <Filter Include="Engine\Component">
      <UniqueIdentifier>{a7b1ebfa-d878-46ec-88f0-deb6d829c5a5}</UniqueIdentifier>
    </Filter>
    <Filter Include="Engine\Module">
      <UniqueIdentifier>{d4dd41a8-c938-4860-9454-922d0515dcb5}</UniqueIdentifier>
    </Filter>
    <Filter Include="Engine\Manager\ColliderManager">
      <UniqueIdentifier>{ece53c84-e3eb-4310-b01d-25ada48943d0}</UniqueIdentifier>
    </Filter>
    <Filter Include="Engine\Component\Collider">
      <UniqueIdentifier>{6587ce32-5ea1-45cf-aa01-f53befe57e1f}</UniqueIdentifier>
    </Filter>
    <Filter Include="Engine\Manager\EventManager">
      <UniqueIdentifier>{277bd6bb-65e2-476a-807b-3280418f257a}</UniqueIdentifier>
    </Filter>
    <Filter Include="Engine\Component\Animator">
      <UniqueIdentifier>{c2b768de-47ff-472f-bbce-2629e313d024}</UniqueIdentifier>
    </Filter>
    <Filter Include="Engine\Component\Animator\Animation">
      <UniqueIdentifier>{f23c572f-2697-4d5a-b4c2-fd5eb34e5e3d}</UniqueIdentifier>
    </Filter>
    <Filter Include="Engine\Manager\Camera">
      <UniqueIdentifier>{4d0e00ac-7d11-4d8a-a565-6ab3e1285b05}</UniqueIdentifier>
    </Filter>
    <Filter Include="Engine\Object\Tile">
      <UniqueIdentifier>{5fe65cfe-1a4d-469e-8c47-279a1674d817}</UniqueIdentifier>
    </Filter>
    <Filter Include="Engine\Scene\Tool Scene">
      <UniqueIdentifier>{cddcadd0-1d20-4e00-b7cc-31cb675d0438}</UniqueIdentifier>
    </Filter>
    <Filter Include="Engine\Object\UI">
      <UniqueIdentifier>{6f2eb2ff-f236-4af9-aa68-6f79aa794e31}</UniqueIdentifier>
    </Filter>
    <Filter Include="Engine\Object\UpdateInterface">
      <UniqueIdentifier>{59071614-0e27-45b7-9dc5-61be90d88790}</UniqueIdentifier>
    </Filter>
    <Filter Include="Engine\Manager\UIManager">
      <UniqueIdentifier>{670f76ba-1a5d-4393-ac83-563429317576}</UniqueIdentifier>
    </Filter>
    <Filter Include="Engine\Object\UI\PanelUI">
      <UniqueIdentifier>{e2accf26-cfb1-4acf-b402-3a6c12197922}</UniqueIdentifier>
    </Filter>
    <Filter Include="Engine\Object\UI\ButtonUI">
      <UniqueIdentifier>{93de9d29-3a78-4fcd-bad8-704800ce41fc}</UniqueIdentifier>
    </Filter>
    <Filter Include="Engine\Module\GDI">
      <UniqueIdentifier>{6ba06c4d-a5b3-43cc-870c-3e150021a385}</UniqueIdentifier>
    </Filter>
    <Filter Include="Engine\Module\AI">
      <UniqueIdentifier>{38ed4153-25a0-45cb-94e1-3ef82930ddd6}</UniqueIdentifier>
    </Filter>
    <Filter Include="Engine\Module\AI\State">
      <UniqueIdentifier>{55090700-3dec-4c99-8c16-dab4a81a7bf6}</UniqueIdentifier>
    </Filter>
    <Filter Include="Engine\Module\AI\State\TraceState">
      <UniqueIdentifier>{b4a06dd4-db8d-494a-9852-afc70f70df74}</UniqueIdentifier>
    </Filter>
    <Filter Include="Engine\Object\Monster">
      <UniqueIdentifier>{15619176-17bb-491b-aa48-ae41c6e76f76}</UniqueIdentifier>
    </Filter>
    <Filter Include="Engine\Object\Player">
      <UniqueIdentifier>{2a571dff-9e81-4cbd-8643-428357e161e2}</UniqueIdentifier>
    </Filter>
    <Filter Include="Engine\Factory">
      <UniqueIdentifier>{842ad8c0-b5bf-4bd8-b6c8-4fff42576f4b}</UniqueIdentifier>
    </Filter>
    <Filter Include="Engine\Module\AI\State\IdleState">
      <UniqueIdentifier>{659d0651-c519-4b55-bb62-fa23bb270ac6}</UniqueIdentifier>
    </Filter>
    <Filter Include="Engine\Component\RigidBody">
      <UniqueIdentifier>{e2b4d4ac-1a4f-4f24-9dd4-60bb63af87fa}</UniqueIdentifier>
    </Filter>
    <Filter Include="Engine\Manager\BackGoundManager">
      <UniqueIdentifier>{fe79b3e2-e3ed-4f30-98bc-7392fd6ebffc}</UniqueIdentifier>
    </Filter>
    <Filter Include="Engine\Object\UI\ButtonUI\TileButton">
      <UniqueIdentifier>{707fc00d-b4c5-4101-8207-710419522f2d}</UniqueIdentifier>
    </Filter>
    <Filter Include="Engine\Object\GameObject">
      <UniqueIdentifier>{a3595fa1-c09e-42be-8882-19e98ce5a48d}</UniqueIdentifier>
    </Filter>
    <Filter Include="Engine\Object\GameObject\Ground">
      <UniqueIdentifier>{be5a2ea2-8e13-486c-8069-2b3430058b98}</UniqueIdentifier>
    </Filter>
    <Filter Include="Engine\Object\GameObject\BackGround">
      <UniqueIdentifier>{1c84429a-a9c4-4b68-a656-f65c3f2378d4}</UniqueIdentifier>
    </Filter>
    <Filter Include="Engine\Object\GameObject\ForeGround">
      <UniqueIdentifier>{a0e72590-b001-4550-8f54-1ca968ce4d7e}</UniqueIdentifier>
    </Filter>
    <Filter Include="Engine\Object\GameObject\Spawn">
      <UniqueIdentifier>{a7776f59-8c5f-4ee2-9f37-35c026adbe0a}</UniqueIdentifier>
    </Filter>
    <Filter Include="Engine\Object\GameObject\Ground\PlatformChild">
      <UniqueIdentifier>{18838f49-a27e-4771-92a3-b8c72d96fe30}</UniqueIdentifier>
    </Filter>
    <Filter Include="Engine\Object\Player\StateMachine">
      <UniqueIdentifier>{e8f60c80-0fb0-4761-8302-57558a31084c}</UniqueIdentifier>
    </Filter>
    <Filter Include="Engine\Object\Player\StateMachine\State">
      <UniqueIdentifier>{651e04f1-6aee-47b3-b11c-e7abd6255962}</UniqueIdentifier>
    </Filter>
    <Filter Include="Engine\Object\Player\StateMachine\State\IdleState">
      <UniqueIdentifier>{7f45d4f8-fcbf-4c0d-be57-b5a04764514f}</UniqueIdentifier>
    </Filter>
    <Filter Include="Engine\Object\Player\StateMachine\State\AttackState">
      <UniqueIdentifier>{8b001c80-21f7-4eef-a664-974ec04e8eeb}</UniqueIdentifier>
    </Filter>
    <Filter Include="Engine\Object\Player\StateMachine\State\DashState">
      <UniqueIdentifier>{a86bdac2-c5b9-4684-b85d-816781324654}</UniqueIdentifier>
    </Filter>
    <Filter Include="Engine\Component\RigidBody\Gravity">
      <UniqueIdentifier>{fe63d1c5-a60e-4c88-b43b-a85de7de5696}</UniqueIdentifier>
    </Filter>
    <Filter Include="Engine\Object\Player\StateMachine\State\JunpState">
      <UniqueIdentifier>{0999fde3-22ca-4ec2-a3ba-5de6788700ce}</UniqueIdentifier>
    </Filter>
    <Filter Include="Engine\Object\Bullet">
      <UniqueIdentifier>{68d8b783-0d75-466d-a017-5f96f7f50f73}</UniqueIdentifier>
    </Filter>
    <Filter Include="Engine\Object\AttackBox">
      <UniqueIdentifier>{5e0f65f0-9227-4049-86b9-831eda719ab2}</UniqueIdentifier>
    </Filter>
    <Filter Include="Engine\Object\Bullet\Monster">
      <UniqueIdentifier>{1fa8f1d9-1fd7-44e1-8d43-9e1ecf0a0187}</UniqueIdentifier>
    </Filter>
    <Filter Include="Engine\Object\Bullet\Player">
      <UniqueIdentifier>{43ac853d-3fe1-4e3b-becb-38112d35ea10}</UniqueIdentifier>
    </Filter>
    <Filter Include="Engine\Object\UI\TextUI">
      <UniqueIdentifier>{2724d327-e8b4-4f29-9fa3-5b591306a388}</UniqueIdentifier>
    </Filter>
    <Filter Include="Engine\Module\AI\State\IntroState">
      <UniqueIdentifier>{927999c3-6f4f-435f-beb6-a6f84832cb22}</UniqueIdentifier>
    </Filter>
    <Filter Include="Engine\Module\AI\State\AttackState">
      <UniqueIdentifier>{28cc5202-334c-46c4-afe6-ef5961a0f71b}</UniqueIdentifier>
    </Filter>
    <Filter Include="Engine\Module\AI\State\DeathState">
      <UniqueIdentifier>{3afa52bc-ec10-42d8-b39a-d567538bf3af}</UniqueIdentifier>
    </Filter>
    <Filter Include="Engine\Object\Monster\OllieBulb">
      <UniqueIdentifier>{e7e02f58-a69e-4862-9cb9-49d061bfbc5d}</UniqueIdentifier>
    </Filter>
    <Filter Include="Engine\Object\Monster\Chauncey">
      <UniqueIdentifier>{d616fa21-ddd9-42a8-a7a6-85a6cf084a69}</UniqueIdentifier>
    </Filter>
    <Filter Include="Engine\Object\Monster\Sal Spudder">
      <UniqueIdentifier>{8e82dfb1-1f2b-46b0-842a-4688bfa718db}</UniqueIdentifier>
    </Filter>
    <Filter Include="Engine\Object\Monster\CagneyCarnation">
      <UniqueIdentifier>{c3505bb6-da28-4d88-9028-bc9473518324}</UniqueIdentifier>
    </Filter>
    <Filter Include="Engine\Module\AI\State\AttackState\Sal Spudder">
      <UniqueIdentifier>{aa484264-79d1-41c9-b51e-081a44a0a1ea}</UniqueIdentifier>
    </Filter>
    <Filter Include="Engine\Object\Bullet\Monster\Sal Spudder">
      <UniqueIdentifier>{63f5feaf-6e4b-4b00-806d-5072bc80f83b}</UniqueIdentifier>
    </Filter>
    <Filter Include="Engine\Object\AttackBox\Monster">
      <UniqueIdentifier>{c18e94c5-a55a-429d-8a53-379ff475eed3}</UniqueIdentifier>
    </Filter>
    <Filter Include="Engine\Object\AttackBox\Player">
      <UniqueIdentifier>{31a5175d-b2d1-454c-b668-c03e25fbc194}</UniqueIdentifier>
    </Filter>
    <Filter Include="Engine\Module\AI\State\AttackState\Chauncey">
      <UniqueIdentifier>{46788169-84c8-434a-9692-2c4b010e7c79}</UniqueIdentifier>
    </Filter>
    <Filter Include="Engine\Object\Bullet\Monster\Chauncey">
      <UniqueIdentifier>{31bbf3e2-5551-4cbd-9b68-7b828b49b97b}</UniqueIdentifier>
    </Filter>
    <Filter Include="Engine\Object\Bullet\Monster\Olle">
      <UniqueIdentifier>{6ece5d8c-bd0f-4ecb-abda-54e93fdce421}</UniqueIdentifier>
    </Filter>
    <Filter Include="Engine\Module\AI\State\AttackState\Ollie">
      <UniqueIdentifier>{fad54916-a9b3-4998-aea7-2efa0ad4e390}</UniqueIdentifier>
    </Filter>
    <Filter Include="Engine\Module\AI\State\IdleState\Ollie">
      <UniqueIdentifier>{6026bba6-1eae-4e7a-9425-15669c5b7907}</UniqueIdentifier>
    </Filter>
    <Filter Include="Engine\Object\Bullet\Monster\Cagney">
      <UniqueIdentifier>{4f7e4af0-f39f-49f1-8cd0-199e30797ab5}</UniqueIdentifier>
    </Filter>
    <Filter Include="Engine\Object\Player\StateMachine\State\HitState">
      <UniqueIdentifier>{49996d0e-6724-43b3-9095-2589ff7b4b71}</UniqueIdentifier>
    </Filter>
    <Filter Include="Engine\Object\Player\StateMachine\State\DeadState">
      <UniqueIdentifier>{2cd34fab-09a1-4117-a6dc-77cd49795b3f}</UniqueIdentifier>
    </Filter>
    <Filter Include="Engine\Object\HitBox">
      <UniqueIdentifier>{0cc09607-82ac-43d3-8d87-f906b6bcafe4}</UniqueIdentifier>
    </Filter>
    <Filter Include="Engine\Object\HitBox\Player">
      <UniqueIdentifier>{34ef836b-6f9d-422a-84a8-5a43bd917e74}</UniqueIdentifier>
    </Filter>
    <Filter Include="Engine\Object\HitBox\Monster">
      <UniqueIdentifier>{e6e3d804-38cb-493e-99b8-9c9bc85f3323}</UniqueIdentifier>
    </Filter>
    <Filter Include="Engine\Module\AI\State\AttackState\Slime">
      <UniqueIdentifier>{900a98f6-9c2f-444f-a199-4e3b21258d73}</UniqueIdentifier>
    </Filter>
    <Filter Include="Engine\Module\AI\State\IdleState\Slime">
      <UniqueIdentifier>{4d110d00-20f4-4c39-8bb1-a9822efa9569}</UniqueIdentifier>
    </Filter>
    <Filter Include="Engine\Object\Player\StateMachine\State\DuckState">
      <UniqueIdentifier>{0219d37a-2d9b-49c3-ba52-fec1666006e7}</UniqueIdentifier>
    </Filter>
    <Filter Include="Engine\Object\Player\StateMachine\State\IntroState">
      <UniqueIdentifier>{fc7e9bfa-ecfd-4900-8083-034eaf039ab3}</UniqueIdentifier>
    </Filter>
    <Filter Include="Engine\Scene\Test Scene">
      <UniqueIdentifier>{d7ff4e17-ef04-4182-82ee-00a445c08a6d}</UniqueIdentifier>
    </Filter>
    <Filter Include="Engine\Scene\Stage Scene">
      <UniqueIdentifier>{c31555b2-ac2f-4efd-af12-c78fc1c5aa12}</UniqueIdentifier>
    </Filter>
    <Filter Include="Engine\Module\AI\State\DeathState\Slime">
      <UniqueIdentifier>{a6a6c92a-a673-4e46-9252-1866fa35899b}</UniqueIdentifier>
    </Filter>
    <Filter Include="Engine\Module\AI\State\IntroState\Slime">
      <UniqueIdentifier>{ffe47c14-1400-4939-835b-b544b99ee923}</UniqueIdentifier>
    </Filter>
    <Filter Include="Engine\Module\AI\State\IntroState\Carrot">
      <UniqueIdentifier>{68f27a03-5731-46c9-a568-4d0a22ee6f1a}</UniqueIdentifier>
    </Filter>
    <Filter Include="Engine\Scene\StartScene">
      <UniqueIdentifier>{de1f487f-b952-4ac4-9b91-c5cfff6e3ae1}</UniqueIdentifier>
    </Filter>
    <Filter Include="Engine\Object\GameObject\Title">
      <UniqueIdentifier>{8d56b2fe-8518-4b07-8d02-024b556bc9b4}</UniqueIdentifier>
    </Filter>
    <Filter Include="Engine\Object\UI\PanelUI\MenuPanel">
      <UniqueIdentifier>{c665904a-077f-4f07-944e-165c82d6447b}</UniqueIdentifier>
    </Filter>
    <Filter Include="Engine\Object\UI\ButtonUI\MenuButton">
      <UniqueIdentifier>{ce08093e-8f24-43e8-9bbf-0b8427fe43de}</UniqueIdentifier>
    </Filter>
  </ItemGroup>
  <ItemGroup>
    <ClInclude Include="framework.h">
      <Filter>Default</Filter>
    </ClInclude>
    <ClInclude Include="targetver.h">
      <Filter>Default</Filter>
    </ClInclude>
    <ClInclude Include="Resource.h">
      <Filter>Default</Filter>
    </ClInclude>
    <ClInclude Include="Client.h">
      <Filter>Default</Filter>
    </ClInclude>
    <ClInclude Include="define.h">
      <Filter>Engine\Header</Filter>
    </ClInclude>
    <ClInclude Include="CCore.h">
      <Filter>Engine\Core</Filter>
    </ClInclude>
    <ClInclude Include="CObject.h">
      <Filter>Engine\Object</Filter>
    </ClInclude>
    <ClInclude Include="vector.h">
      <Filter>Engine\Header</Filter>
    </ClInclude>
    <ClInclude Include="CTimeManager.h">
      <Filter>Engine\Manager\TimeManager</Filter>
    </ClInclude>
    <ClInclude Include="CKeyManager.h">
      <Filter>Engine\Manager\KeyManager</Filter>
    </ClInclude>
    <ClInclude Include="pch.h" />
    <ClInclude Include="CScene.h">
      <Filter>Engine\Scene</Filter>
    </ClInclude>
    <ClInclude Include="CScene_Test.h">
      <Filter>Engine\Scene\Test Scene</Filter>
    </ClInclude>
    <ClInclude Include="CPlayer.h">
      <Filter>Engine\Object\Player</Filter>
    </ClInclude>
    <ClInclude Include="CSceneManager.h">
      <Filter>Engine\Manager\SceneManager</Filter>
    </ClInclude>
    <ClInclude Include="CResource.h">
      <Filter>Engine\Resource</Filter>
    </ClInclude>
    <ClInclude Include="CPathManager.h">
      <Filter>Engine\Manager\PathManager</Filter>
    </ClInclude>
    <ClInclude Include="CTexture.h">
      <Filter>Engine\Resource\Texture</Filter>
    </ClInclude>
    <ClInclude Include="CResourceManager.h">
      <Filter>Engine\Manager\ResourceManager</Filter>
    </ClInclude>
    <ClInclude Include="CColliderManager.h">
      <Filter>Engine\Manager\ColliderManager</Filter>
    </ClInclude>
    <ClInclude Include="CCollider.h">
      <Filter>Engine\Component\Collider</Filter>
    </ClInclude>
    <ClInclude Include="CEventManager.h">
      <Filter>Engine\Manager\EventManager</Filter>
    </ClInclude>
    <ClInclude Include="func.h">
      <Filter>Engine\Header</Filter>
    </ClInclude>
    <ClInclude Include="CAnimator.h">
      <Filter>Engine\Component\Animator</Filter>
    </ClInclude>
    <ClInclude Include="CAnimation.h">
      <Filter>Engine\Component\Animator\Animation</Filter>
    </ClInclude>
    <ClInclude Include="CTile.h">
      <Filter>Engine\Object\Tile</Filter>
    </ClInclude>
    <ClInclude Include="CScene_Tool.h">
      <Filter>Engine\Scene\Tool Scene</Filter>
    </ClInclude>
    <ClInclude Include="CUI.h">
      <Filter>Engine\Object\UI</Filter>
    </ClInclude>
    <ClInclude Include="UpdateInterface.h">
      <Filter>Engine\Object\UpdateInterface</Filter>
    </ClInclude>
    <ClInclude Include="CUIManager.h">
      <Filter>Engine\Manager\UIManager</Filter>
    </ClInclude>
    <ClInclude Include="CButtonUI.h">
      <Filter>Engine\Object\UI\ButtonUI</Filter>
    </ClInclude>
    <ClInclude Include="CPanelUI.h">
      <Filter>Engine\Object\UI\PanelUI</Filter>
    </ClInclude>
    <ClInclude Include="SelectGDI.h">
      <Filter>Engine\Module\GDI</Filter>
    </ClInclude>
    <ClInclude Include="FSMAI.h">
      <Filter>Engine\Module\AI</Filter>
    </ClInclude>
    <ClInclude Include="CState.h">
      <Filter>Engine\Module\AI\State</Filter>
    </ClInclude>
    <ClInclude Include="CMonster.h">
      <Filter>Engine\Object\Monster</Filter>
    </ClInclude>
    <ClInclude Include="CTraceState.h">
      <Filter>Engine\Module\AI\State\TraceState</Filter>
    </ClInclude>
    <ClInclude Include="CMonsterFactory.h">
      <Filter>Engine\Factory</Filter>
    </ClInclude>
    <ClInclude Include="CRigidBody.h">
      <Filter>Engine\Component\RigidBody</Filter>
    </ClInclude>
    <ClInclude Include="CBackGround.h">
      <Filter>Engine\Object\GameObject\BackGround</Filter>
    </ClInclude>
    <ClInclude Include="CGameObjectManager.h">
      <Filter>Engine\Manager\BackGoundManager</Filter>
    </ClInclude>
    <ClInclude Include="CTileButtonUI.h">
      <Filter>Engine\Object\UI\ButtonUI\TileButton</Filter>
    </ClInclude>
    <ClInclude Include="CGameObject.h">
      <Filter>Engine\Object\GameObject</Filter>
    </ClInclude>
    <ClInclude Include="CGround.h">
      <Filter>Engine\Object\GameObject\Ground</Filter>
    </ClInclude>
    <ClInclude Include="CForeGround.h">
      <Filter>Engine\Object\GameObject\ForeGround</Filter>
    </ClInclude>
    <ClInclude Include="CSpawnObject.h">
      <Filter>Engine\Object\GameObject\Spawn</Filter>
    </ClInclude>
    <ClInclude Include="CPropeller.h">
      <Filter>Engine\Object\GameObject\Ground\PlatformChild</Filter>
    </ClInclude>
    <ClInclude Include="CPlayerStateMachine.h">
      <Filter>Engine\Object\Player\StateMachine</Filter>
    </ClInclude>
    <ClInclude Include="CPlayerState.h">
      <Filter>Engine\Object\Player\StateMachine\State</Filter>
    </ClInclude>
    <ClInclude Include="CPlayerIdleState.h">
      <Filter>Engine\Object\Player\StateMachine\State\IdleState</Filter>
    </ClInclude>
    <ClInclude Include="CPlayerAttackState.h">
      <Filter>Engine\Object\Player\StateMachine\State\AttackState</Filter>
    </ClInclude>
    <ClInclude Include="CPlayerDashState.h">
      <Filter>Engine\Object\Player\StateMachine\State\DashState</Filter>
    </ClInclude>
    <ClInclude Include="CGravity.h">
      <Filter>Engine\Component\RigidBody\Gravity</Filter>
    </ClInclude>
    <ClInclude Include="CPlayerJumpState.h">
      <Filter>Engine\Object\Player\StateMachine\State\JunpState</Filter>
    </ClInclude>
    <ClInclude Include="CBullet.h">
      <Filter>Engine\Object\Bullet</Filter>
    </ClInclude>
    <ClInclude Include="CAttackBox.h">
      <Filter>Engine\Object\AttackBox</Filter>
    </ClInclude>
    <ClInclude Include="CCamera.h">
      <Filter>Engine\Manager\Camera</Filter>
    </ClInclude>
    <ClInclude Include="CTextUI.h">
      <Filter>Engine\Object\UI\TextUI</Filter>
    </ClInclude>
    <ClInclude Include="CChauncey.h">
      <Filter>Engine\Object\Monster\Chauncey</Filter>
    </ClInclude>
    <ClInclude Include="CIntroState.h">
      <Filter>Engine\Module\AI\State\IntroState</Filter>
    </ClInclude>
    <ClInclude Include="CAttackState.h">
      <Filter>Engine\Module\AI\State\AttackState</Filter>
    </ClInclude>
    <ClInclude Include="CDeathState.h">
      <Filter>Engine\Module\AI\State\DeathState</Filter>
    </ClInclude>
    <ClInclude Include="CIdleState.h">
      <Filter>Engine\Module\AI\State\IdleState</Filter>
    </ClInclude>
    <ClInclude Include="CSalAttackState.h">
      <Filter>Engine\Module\AI\State\AttackState\Sal Spudder</Filter>
    </ClInclude>
    <ClInclude Include="CPeaShootBullet.h">
      <Filter>Engine\Object\Bullet\Player</Filter>
    </ClInclude>
    <ClInclude Include="CSalBullet.h">
      <Filter>Engine\Object\Bullet\Monster\Sal Spudder</Filter>
    </ClInclude>
    <ClInclude Include="CPlayerAttackBox.h">
      <Filter>Engine\Object\AttackBox\Player</Filter>
    </ClInclude>
    <ClInclude Include="CSalAttackBox.h">
      <Filter>Engine\Object\AttackBox\Monster</Filter>
    </ClInclude>
    <ClInclude Include="CSalSpudder.h">
      <Filter>Engine\Object\Monster\Sal Spudder</Filter>
    </ClInclude>
    <ClInclude Include="CCarrotBossAttackState.h">
      <Filter>Engine\Module\AI\State\AttackState\Chauncey</Filter>
    </ClInclude>
    <ClInclude Include="CSlimeBossIntroState.h">
      <Filter>Engine\Module\AI\State\IntroState\Slime</Filter>
    </ClInclude>
    <ClInclude Include="CCarrotMissle.h">
      <Filter>Engine\Object\Bullet\Monster\Chauncey</Filter>
    </ClInclude>
    <ClInclude Include="CCarrotBossAttackBox.h">
      <Filter>Engine\Object\AttackBox\Monster</Filter>
    </ClInclude>
    <ClInclude Include="CBeamMissile.h">
      <Filter>Engine\Object\Bullet\Monster\Chauncey</Filter>
    </ClInclude>
    <ClInclude Include="COllieBullb.h">
      <Filter>Engine\Object\Monster\OllieBulb</Filter>
    </ClInclude>
    <ClInclude Include="COnionBossAttackBox.h">
      <Filter>Engine\Object\AttackBox\Monster</Filter>
    </ClInclude>
    <ClInclude Include="COnionBossAttackState.h">
      <Filter>Engine\Module\AI\State\AttackState\Ollie</Filter>
    </ClInclude>
    <ClInclude Include="COnionBossIdleState.h">
      <Filter>Engine\Module\AI\State\IdleState\Ollie</Filter>
    </ClInclude>
    <ClInclude Include="CSlime.h">
      <Filter>Engine\Object\Monster\CagneyCarnation</Filter>
    </ClInclude>
    <ClInclude Include="CTearBullet.h">
      <Filter>Engine\Object\Bullet\Monster\Olle</Filter>
    </ClInclude>
    <ClInclude Include="CPlayerHitState.h">
      <Filter>Engine\Object\Player\StateMachine\State\HitState</Filter>
    </ClInclude>
    <ClInclude Include="CPlayerDeathState.h">
      <Filter>Engine\Object\Player\StateMachine\State\DeadState</Filter>
    </ClInclude>
    <ClInclude Include="CHitBox.h">
      <Filter>Engine\Object\HitBox</Filter>
    </ClInclude>
    <ClInclude Include="CPlayerHitBox.h">
      <Filter>Engine\Object\HitBox\Player</Filter>
    </ClInclude>
    <ClInclude Include="CMonsterHitBox.h">
      <Filter>Engine\Object\HitBox\Monster</Filter>
    </ClInclude>
    <ClInclude Include="CCarrotEyes.h">
      <Filter>Engine\Object\Monster\Chauncey</Filter>
    </ClInclude>
    <ClInclude Include="CSlimAttackState.h">
      <Filter>Engine\Module\AI\State\AttackState\Slime</Filter>
    </ClInclude>
    <ClInclude Include="CSlimeAttackBox.h">
      <Filter>Engine\Object\AttackBox\Monster</Filter>
    </ClInclude>
    <ClInclude Include="CSlimeIdleState.h">
      <Filter>Engine\Module\AI\State\IdleState\Slime</Filter>
    </ClInclude>
    <ClInclude Include="CPlayerDuckState.h">
      <Filter>Engine\Object\Player\StateMachine\State\DuckState</Filter>
    </ClInclude>
    <ClInclude Include="CPlayerIntroState.h">
      <Filter>Engine\Object\Player\StateMachine\State\IntroState</Filter>
    </ClInclude>
    <ClInclude Include="CStageScene_01.h">
      <Filter>Engine\Scene\Stage Scene</Filter>
    </ClInclude>
    <ClInclude Include="CStageScene_02.h">
      <Filter>Engine\Scene\Stage Scene</Filter>
    </ClInclude>
    <ClInclude Include="CChaserBullet.h">
      <Filter>Engine\Object\Bullet\Player</Filter>
    </ClInclude>
    <ClInclude Include="CHomingBulletTraile.h">
      <Filter>Engine\Object\Bullet\Player</Filter>
    </ClInclude>
    <ClInclude Include="CSlimeDeathState.h">
      <Filter>Engine\Module\AI\State\DeathState\Slime</Filter>
    </ClInclude>
    <ClInclude Include="CCarrotIntroState.h">
      <Filter>Engine\Module\AI\State\IntroState\Carrot</Filter>
    </ClInclude>
    <ClInclude Include="CStartScene.h">
      <Filter>Engine\Scene\StartScene</Filter>
    </ClInclude>
    <ClInclude Include="CMenuButtonUI.h">
      <Filter>Engine\Object\UI\ButtonUI\MenuButton</Filter>
    </ClInclude>
    <ClInclude Include="CMenuPanel.h">
      <Filter>Engine\Object\UI\PanelUI\MenuPanel</Filter>
    </ClInclude>
  </ItemGroup>
  <ItemGroup>
    <ResourceCompile Include="Client.rc">
      <Filter>리소스 파일</Filter>
    </ResourceCompile>
  </ItemGroup>
  <ItemGroup>
    <Image Include="small.ico">
      <Filter>리소스 파일</Filter>
    </Image>
    <Image Include="Client.ico">
      <Filter>리소스 파일</Filter>
    </Image>
  </ItemGroup>
  <ItemGroup>
    <ClCompile Include="main.cpp" />
    <ClCompile Include="CCore.cpp">
      <Filter>Engine\Core</Filter>
    </ClCompile>
    <ClCompile Include="CObject.cpp">
      <Filter>Engine\Object</Filter>
    </ClCompile>
    <ClCompile Include="CTimeManager.cpp">
      <Filter>Engine\Manager\TimeManager</Filter>
    </ClCompile>
    <ClCompile Include="CKeyManager.cpp">
      <Filter>Engine\Manager\KeyManager</Filter>
    </ClCompile>
    <ClCompile Include="CScene.cpp">
      <Filter>Engine\Scene</Filter>
    </ClCompile>
    <ClCompile Include="CScene_Test.cpp">
      <Filter>Engine\Scene\Test Scene</Filter>
    </ClCompile>
    <ClCompile Include="CSceneManager.cpp">
      <Filter>Engine\Manager\SceneManager</Filter>
    </ClCompile>
    <ClCompile Include="CResource.cpp">
      <Filter>Engine\Resource</Filter>
    </ClCompile>
    <ClCompile Include="CPathManager.cpp">
      <Filter>Engine\Manager\PathManager</Filter>
    </ClCompile>
    <ClCompile Include="CTexture.cpp">
      <Filter>Engine\Resource\Texture</Filter>
    </ClCompile>
    <ClCompile Include="CResourceManager.cpp">
      <Filter>Engine\Manager\ResourceManager</Filter>
    </ClCompile>
    <ClCompile Include="CColliderManager.cpp">
      <Filter>Engine\Manager\ColliderManager</Filter>
    </ClCompile>
    <ClCompile Include="CCollider.cpp">
      <Filter>Engine\Component\Collider</Filter>
    </ClCompile>
    <ClCompile Include="CEventManager.cpp">
      <Filter>Engine\Manager\EventManager</Filter>
    </ClCompile>
    <ClCompile Include="func.cpp">
      <Filter>Engine\Header</Filter>
    </ClCompile>
    <ClCompile Include="CAnimator.cpp">
      <Filter>Engine\Component\Animator</Filter>
    </ClCompile>
    <ClCompile Include="CAnimation.cpp">
      <Filter>Engine\Component\Animator\Animation</Filter>
    </ClCompile>
    <ClCompile Include="CCamera.cpp">
      <Filter>Engine\Manager\Camera</Filter>
    </ClCompile>
    <ClCompile Include="pch.cpp" />
    <ClCompile Include="CTile.cpp">
      <Filter>Engine\Object\Tile</Filter>
    </ClCompile>
    <ClCompile Include="CScene_Tool.cpp">
      <Filter>Engine\Scene\Tool Scene</Filter>
    </ClCompile>
    <ClCompile Include="CUI.cpp">
      <Filter>Engine\Object\UI</Filter>
    </ClCompile>
    <ClCompile Include="CUIManager.cpp">
      <Filter>Engine\Manager\UIManager</Filter>
    </ClCompile>
    <ClCompile Include="CButtonUI.cpp">
      <Filter>Engine\Object\UI\ButtonUI</Filter>
    </ClCompile>
    <ClCompile Include="CPanelUI.cpp">
      <Filter>Engine\Object\UI\PanelUI</Filter>
    </ClCompile>
    <ClCompile Include="SelectGDI.cpp">
      <Filter>Engine\Module\GDI</Filter>
    </ClCompile>
    <ClCompile Include="FSMAI.cpp">
      <Filter>Engine\Module\AI</Filter>
    </ClCompile>
    <ClCompile Include="CState.cpp">
      <Filter>Engine\Module\AI\State</Filter>
    </ClCompile>
    <ClCompile Include="CMonster.cpp">
      <Filter>Engine\Object\Monster</Filter>
    </ClCompile>
    <ClCompile Include="CTraceState.cpp">
      <Filter>Engine\Module\AI\State\TraceState</Filter>
    </ClCompile>
    <ClCompile Include="CMonsterFactory.cpp">
      <Filter>Engine\Factory</Filter>
    </ClCompile>
    <ClCompile Include="CRigidBody.cpp">
      <Filter>Engine\Component\RigidBody</Filter>
    </ClCompile>
    <ClCompile Include="CBackGround.cpp">
      <Filter>Engine\Object\GameObject\BackGround</Filter>
    </ClCompile>
    <ClCompile Include="CGameObjectManager.cpp">
      <Filter>Engine\Manager\BackGoundManager</Filter>
    </ClCompile>
    <ClCompile Include="CTileButtonUI.cpp">
      <Filter>Engine\Object\UI\ButtonUI\TileButton</Filter>
    </ClCompile>
    <ClCompile Include="CGameObject.cpp">
      <Filter>Engine\Object\GameObject</Filter>
    </ClCompile>
    <ClCompile Include="CForeGround.cpp">
      <Filter>Engine\Object\GameObject\ForeGround</Filter>
    </ClCompile>
    <ClCompile Include="CSpawnObject.cpp">
      <Filter>Engine\Object\GameObject\Spawn</Filter>
    </ClCompile>
    <ClCompile Include="CPropeller.cpp">
      <Filter>Engine\Object\GameObject\Ground\PlatformChild</Filter>
    </ClCompile>
    <ClCompile Include="CPlayerStateMachine.cpp">
      <Filter>Engine\Object\Player\StateMachine</Filter>
    </ClCompile>
    <ClCompile Include="CPlayerState.cpp">
      <Filter>Engine\Object\Player\StateMachine\State</Filter>
    </ClCompile>
    <ClCompile Include="CPlayerIdleState.cpp">
      <Filter>Engine\Object\Player\StateMachine\State\IdleState</Filter>
    </ClCompile>
    <ClCompile Include="CPlayerAttackState.cpp">
      <Filter>Engine\Object\Player\StateMachine\State\AttackState</Filter>
    </ClCompile>
    <ClCompile Include="CGround.cpp">
      <Filter>Engine\Object\GameObject\Ground</Filter>
    </ClCompile>
    <ClCompile Include="CPlayerDashState.cpp">
      <Filter>Engine\Object\Player\StateMachine\State\DashState</Filter>
    </ClCompile>
    <ClCompile Include="CGravity.cpp">
      <Filter>Engine\Component\RigidBody\Gravity</Filter>
    </ClCompile>
    <ClCompile Include="CPlayerJumpState.cpp">
      <Filter>Engine\Object\Player\StateMachine\State\JunpState</Filter>
    </ClCompile>
    <ClCompile Include="CPlayer.cpp">
      <Filter>Engine\Object\Player</Filter>
    </ClCompile>
    <ClCompile Include="CBullet.cpp">
      <Filter>Engine\Object\Bullet</Filter>
    </ClCompile>
    <ClCompile Include="CAttackBox.cpp">
      <Filter>Engine\Object\AttackBox</Filter>
    </ClCompile>
    <ClCompile Include="CTextUI.cpp">
      <Filter>Engine\Object\UI\TextUI</Filter>
    </ClCompile>
    <ClCompile Include="CChauncey.cpp">
      <Filter>Engine\Object\Monster\Chauncey</Filter>
    </ClCompile>
    <ClCompile Include="CIntroState.cpp">
      <Filter>Engine\Module\AI\State\IntroState</Filter>
    </ClCompile>
    <ClCompile Include="CAttackState.cpp">
      <Filter>Engine\Module\AI\State\AttackState</Filter>
    </ClCompile>
    <ClCompile Include="CDeathState.cpp">
      <Filter>Engine\Module\AI\State\DeathState</Filter>
    </ClCompile>
    <ClCompile Include="CIdleState.cpp">
      <Filter>Engine\Module\AI\State\IdleState</Filter>
    </ClCompile>
    <ClCompile Include="CSalAttackState.cpp">
      <Filter>Engine\Module\AI\State\AttackState\Sal Spudder</Filter>
    </ClCompile>
    <ClCompile Include="CPeaShootBullet.cpp">
      <Filter>Engine\Object\Bullet\Player</Filter>
    </ClCompile>
    <ClCompile Include="CSalBullet.cpp">
      <Filter>Engine\Object\Bullet\Monster\Sal Spudder</Filter>
    </ClCompile>
    <ClCompile Include="CPlayerAttackBox.cpp">
      <Filter>Engine\Object\AttackBox\Player</Filter>
    </ClCompile>
    <ClCompile Include="CSalAttackBox.cpp">
      <Filter>Engine\Object\AttackBox\Monster</Filter>
    </ClCompile>
    <ClCompile Include="CSalSpudder.cpp">
      <Filter>Engine\Object\Monster\Sal Spudder</Filter>
    </ClCompile>
    <ClCompile Include="CCarrotBossAttackState.cpp">
      <Filter>Engine\Module\AI\State\AttackState\Chauncey</Filter>
    </ClCompile>
    <ClCompile Include="CSlimeBossIntroState.cpp">
      <Filter>Engine\Module\AI\State\IntroState\Slime</Filter>
    </ClCompile>
    <ClCompile Include="CCarrotMissle.cpp">
      <Filter>Engine\Object\Bullet\Monster\Chauncey</Filter>
    </ClCompile>
    <ClCompile Include="CCarrotBossAttackBox.cpp">
      <Filter>Engine\Object\AttackBox\Monster</Filter>
    </ClCompile>
    <ClCompile Include="CBeamMissile.cpp">
      <Filter>Engine\Object\Bullet\Monster\Chauncey</Filter>
    </ClCompile>
    <ClCompile Include="COllieBullb.cpp">
      <Filter>Engine\Object\Monster\OllieBulb</Filter>
    </ClCompile>
    <ClCompile Include="COnionBossAttackBox.cpp">
      <Filter>Engine\Object\AttackBox\Monster</Filter>
    </ClCompile>
    <ClCompile Include="CTearBullet.cpp">
      <Filter>Engine\Object\Bullet\Monster\Olle</Filter>
    </ClCompile>
    <ClCompile Include="COnionBossAttackState.cpp">
      <Filter>Engine\Module\AI\State\AttackState\Ollie</Filter>
    </ClCompile>
    <ClCompile Include="COnionBossIdleState.cpp">
      <Filter>Engine\Module\AI\State\IdleState\Ollie</Filter>
    </ClCompile>
    <ClCompile Include="CSlime.cpp">
      <Filter>Engine\Object\Monster\CagneyCarnation</Filter>
    </ClCompile>
    <ClCompile Include="CPlayerHitState.cpp">
      <Filter>Engine\Object\Player\StateMachine\State\HitState</Filter>
    </ClCompile>
    <ClCompile Include="CPlayerDeathState.cpp">
      <Filter>Engine\Object\Player\StateMachine\State\DeadState</Filter>
    </ClCompile>
    <ClCompile Include="CHitBox.cpp">
      <Filter>Engine\Object\HitBox</Filter>
    </ClCompile>
    <ClCompile Include="CPlayerHitBox.cpp">
      <Filter>Engine\Object\HitBox\Player</Filter>
    </ClCompile>
    <ClCompile Include="CMonsterHitBox.cpp">
      <Filter>Engine\Object\HitBox\Monster</Filter>
    </ClCompile>
    <ClCompile Include="CCarrotEyes.cpp">
      <Filter>Engine\Object\Monster\Chauncey</Filter>
    </ClCompile>
    <ClCompile Include="CSlimAttackState.cpp">
      <Filter>Engine\Module\AI\State\AttackState\Slime</Filter>
    </ClCompile>
    <ClCompile Include="CSlimeAttackBox.cpp">
      <Filter>Engine\Object\AttackBox\Monster</Filter>
    </ClCompile>
    <ClCompile Include="CSlimeIdleState.cpp">
      <Filter>Engine\Module\AI\State\IdleState\Slime</Filter>
    </ClCompile>
    <ClCompile Include="CPlayerDuckState.cpp">
      <Filter>Engine\Object\Player\StateMachine\State\DuckState</Filter>
    </ClCompile>
    <ClCompile Include="CPlayerIntroState.cpp">
      <Filter>Engine\Object\Player\StateMachine\State\IntroState</Filter>
    </ClCompile>
    <ClCompile Include="CStageScene_01.cpp">
      <Filter>Engine\Scene\Stage Scene</Filter>
    </ClCompile>
    <ClCompile Include="CStageScene_02.cpp">
      <Filter>Engine\Scene\Stage Scene</Filter>
    </ClCompile>
    <ClCompile Include="CChaserBullet.cpp">
      <Filter>Engine\Object\Bullet\Player</Filter>
    </ClCompile>
    <ClCompile Include="CHomingBulletTraile.cpp">
      <Filter>Engine\Object\Bullet\Player</Filter>
    </ClCompile>
    <ClCompile Include="CSlimeDeathState.cpp">
      <Filter>Engine\Module\AI\State\DeathState\Slime</Filter>
    </ClCompile>
    <ClCompile Include="CCarrotIntroState.cpp">
      <Filter>Engine\Module\AI\State\IntroState\Carrot</Filter>
    </ClCompile>
    <ClCompile Include="CStartScene.cpp">
      <Filter>Engine\Scene\StartScene</Filter>
    </ClCompile>
    <ClCompile Include="CMenuButtonUI.cpp">
      <Filter>Engine\Object\UI\ButtonUI\MenuButton</Filter>
    </ClCompile>
    <ClCompile Include="CMenuPanel.cpp">
      <Filter>Engine\Object\UI\PanelUI\MenuPanel</Filter>
    </ClCompile>
  </ItemGroup>
</Project>